
Microsoft Visual Studio Solution File, Format Version 12.00
# Visual Studio Version 16
VisualStudioVersion = 16.0.29609.76
MinimumVisualStudioVersion = 10.0.40219.1
Project("{9A19103F-16F7-4668-BE54-9A1E7A4F7556}") = "FRPCClientCommandConsole", "FRPCClientCommandConsole\FRPCClientCommandConsole.csproj", "{252F0389-AD21-4839-8175-CFDD956FB8A7}"
EndProject
Project("{9A19103F-16F7-4668-BE54-9A1E7A4F7556}") = "FRPCClientAOPContainer", "FRPCClientAOPContainer\FRPCClientAOPContainer.csproj", "{2FFBBDA4-C234-42FB-A711-E78A754A5E29}"
EndProject
Project("{9A19103F-16F7-4668-BE54-9A1E7A4F7556}") = "FRPCClient", "FRPCClient\FRPCClient.csproj", "{CA5493DD-A460-455B-85CA-A7DA2BBE0105}"
EndProject
Project("{2150E333-8FDC-42A3-9474-1A3956D46DE8}") = "FRPCServer", "FRPCServer", "{30AAD6A3-A333-4988-8B35-16205A89C9A0}"
EndProject
Project("{2150E333-8FDC-42A3-9474-1A3956D46DE8}") = "Interface", "Interface", "{C100EEC0-3352-40FD-95AD-383EE123D12D}"
EndProject
Project("{2150E333-8FDC-42A3-9474-1A3956D46DE8}") = "Server", "Server", "{4672D6DD-1055-4705-A9A5-2F7C10ACD0D0}"
EndProject
Project("{FAE04EC0-301F-11D3-BF4B-00C04F79EFBC}") = "ITestServer", "ITestServer\ITestServer.csproj", "{40EBDCC3-D59A-4699-B0DF-0D2C47CFA2C1}"
EndProject
Project("{FAE04EC0-301F-11D3-BF4B-00C04F79EFBC}") = "TestServer", "TestServer\TestServer.csproj", "{EB022F20-7D99-43CF-B095-614073AE56C4}"
EndProject
Project("{2150E333-8FDC-42A3-9474-1A3956D46DE8}") = "Example", "Example", "{CA050C30-CAE8-4B7E-AB09-9155C67A5F5C}"
EndProject
Project("{2150E333-8FDC-42A3-9474-1A3956D46DE8}") = "Core", "Core", "{9A4027CB-1DAC-4DC1-8A11-3E71A7E3600E}"
EndProject
Project("{FAE04EC0-301F-11D3-BF4B-00C04F79EFBC}") = "MessageClient", "MessageClient\MessageClient.csproj", "{822E7BAB-BA5D-42E9-8610-5697DA894ECA}"
EndProject
Global
	GlobalSection(SolutionConfigurationPlatforms) = preSolution
		Debug|Any CPU = Debug|Any CPU
		Release|Any CPU = Release|Any CPU
	EndGlobalSection
	GlobalSection(ProjectConfigurationPlatforms) = postSolution
		{252F0389-AD21-4839-8175-CFDD956FB8A7}.Debug|Any CPU.ActiveCfg = Debug|Any CPU
		{252F0389-AD21-4839-8175-CFDD956FB8A7}.Debug|Any CPU.Build.0 = Debug|Any CPU
		{252F0389-AD21-4839-8175-CFDD956FB8A7}.Release|Any CPU.ActiveCfg = Release|Any CPU
		{252F0389-AD21-4839-8175-CFDD956FB8A7}.Release|Any CPU.Build.0 = Release|Any CPU
		{2FFBBDA4-C234-42FB-A711-E78A754A5E29}.Debug|Any CPU.ActiveCfg = Debug|Any CPU
		{2FFBBDA4-C234-42FB-A711-E78A754A5E29}.Debug|Any CPU.Build.0 = Debug|Any CPU
		{2FFBBDA4-C234-42FB-A711-E78A754A5E29}.Release|Any CPU.ActiveCfg = Release|Any CPU
		{2FFBBDA4-C234-42FB-A711-E78A754A5E29}.Release|Any CPU.Build.0 = Release|Any CPU
		{CA5493DD-A460-455B-85CA-A7DA2BBE0105}.Debug|Any CPU.ActiveCfg = Debug|Any CPU
		{CA5493DD-A460-455B-85CA-A7DA2BBE0105}.Debug|Any CPU.Build.0 = Debug|Any CPU
		{CA5493DD-A460-455B-85CA-A7DA2BBE0105}.Release|Any CPU.ActiveCfg = Release|Any CPU
		{CA5493DD-A460-455B-85CA-A7DA2BBE0105}.Release|Any CPU.Build.0 = Release|Any CPU
		{40EBDCC3-D59A-4699-B0DF-0D2C47CFA2C1}.Debug|Any CPU.ActiveCfg = Debug|Any CPU
		{40EBDCC3-D59A-4699-B0DF-0D2C47CFA2C1}.Debug|Any CPU.Build.0 = Debug|Any CPU
		{40EBDCC3-D59A-4699-B0DF-0D2C47CFA2C1}.Release|Any CPU.ActiveCfg = Release|Any CPU
		{40EBDCC3-D59A-4699-B0DF-0D2C47CFA2C1}.Release|Any CPU.Build.0 = Release|Any CPU
		{EB022F20-7D99-43CF-B095-614073AE56C4}.Debug|Any CPU.ActiveCfg = Debug|Any CPU
		{EB022F20-7D99-43CF-B095-614073AE56C4}.Debug|Any CPU.Build.0 = Debug|Any CPU
		{EB022F20-7D99-43CF-B095-614073AE56C4}.Release|Any CPU.ActiveCfg = Release|Any CPU
		{EB022F20-7D99-43CF-B095-614073AE56C4}.Release|Any CPU.Build.0 = Release|Any CPU
		{822E7BAB-BA5D-42E9-8610-5697DA894ECA}.Debug|Any CPU.ActiveCfg = Debug|Any CPU
		{822E7BAB-BA5D-42E9-8610-5697DA894ECA}.Debug|Any CPU.Build.0 = Debug|Any CPU
		{822E7BAB-BA5D-42E9-8610-5697DA894ECA}.Release|Any CPU.ActiveCfg = Release|Any CPU
		{822E7BAB-BA5D-42E9-8610-5697DA894ECA}.Release|Any CPU.Build.0 = Release|Any CPU
	EndGlobalSection
	GlobalSection(SolutionProperties) = preSolution
		HideSolutionNode = FALSE
	EndGlobalSection
	GlobalSection(NestedProjects) = preSolution
		{252F0389-AD21-4839-8175-CFDD956FB8A7} = {9A4027CB-1DAC-4DC1-8A11-3E71A7E3600E}
		{2FFBBDA4-C234-42FB-A711-E78A754A5E29} = {9A4027CB-1DAC-4DC1-8A11-3E71A7E3600E}
		{CA5493DD-A460-455B-85CA-A7DA2BBE0105} = {9A4027CB-1DAC-4DC1-8A11-3E71A7E3600E}
		{C100EEC0-3352-40FD-95AD-383EE123D12D} = {30AAD6A3-A333-4988-8B35-16205A89C9A0}
		{4672D6DD-1055-4705-A9A5-2F7C10ACD0D0} = {30AAD6A3-A333-4988-8B35-16205A89C9A0}
		{40EBDCC3-D59A-4699-B0DF-0D2C47CFA2C1} = {4672D6DD-1055-4705-A9A5-2F7C10ACD0D0}
		{EB022F20-7D99-43CF-B095-614073AE56C4} = {4672D6DD-1055-4705-A9A5-2F7C10ACD0D0}
		{822E7BAB-BA5D-42E9-8610-5697DA894ECA} = {CA050C30-CAE8-4B7E-AB09-9155C67A5F5C}
	EndGlobalSection
	GlobalSection(ExtensibilityGlobals) = postSolution
		SolutionGuid = {AB26B7F0-4515-4903-AB38-48AABED4C068}
	EndGlobalSection
EndGlobal
